// !$*UTF8*$!
{
	archiveVersion = 1;
	classes = {
	};
	objectVersion = 54;
	objects = {

/* Begin PBXBuildFile section */
		2399401C9C7607CB781EFE6B /* QuietMicUITestsLaunchTests.swift in Sources */ = {isa = PBXBuildFile; fileRef = 21498BA862083FF10808D88F /* QuietMicUITestsLaunchTests.swift */; };
		86099627B5A1B428A0D77A9F /* Item.swift in Sources */ = {isa = PBXBuildFile; fileRef = 97D015B53C7B4794E78A300A /* Item.swift */; };
		871998464C1F92BA26BFD3B8 /* QuietMicTests.swift in Sources */ = {isa = PBXBuildFile; fileRef = 5A70F449E3854622A7CA3A60 /* QuietMicTests.swift */; };
		8BB1C682BC8970C0D1F05B8B /* QuietMicApp.swift in Sources */ = {isa = PBXBuildFile; fileRef = 04BBEC216D5D52477F0CA082 /* QuietMicApp.swift */; };
		9896A25F4121577218A648D8 /* QuietMicUITests.swift in Sources */ = {isa = PBXBuildFile; fileRef = 13566FC750E92461A09EAFD5 /* QuietMicUITests.swift */; };
		D0AE1BB240BFC34F155EEBC0 /* ContentView.swift in Sources */ = {isa = PBXBuildFile; fileRef = 15C87D56A0C2030CE2F2646D /* ContentView.swift */; };
/* End PBXBuildFile section */

/* Begin PBXContainerItemProxy section */
		D7FDD961B273397411204A9E /* PBXContainerItemProxy */ = {
			isa = PBXContainerItemProxy;
			containerPortal = C4B8A003ACB89D6A79217ADA /* Project object */;
			proxyType = 1;
			remoteGlobalIDString = 228CAF7FBFD2DEE8AC80DB3E;
			remoteInfo = QuietMic;
		};
		F3718FCB1584CFD42B18F389 /* PBXContainerItemProxy */ = {
			isa = PBXContainerItemProxy;
			containerPortal = C4B8A003ACB89D6A79217ADA /* Project object */;
			proxyType = 1;
			remoteGlobalIDString = 228CAF7FBFD2DEE8AC80DB3E;
			remoteInfo = QuietMic;
		};
/* End PBXContainerItemProxy section */

/* Begin PBXFileReference section */
		04BBEC216D5D52477F0CA082 /* QuietMicApp.swift */ = {isa = PBXFileReference; lastKnownFileType = sourcecode.swift; path = QuietMicApp.swift; sourceTree = "<group>"; };
		13566FC750E92461A09EAFD5 /* QuietMicUITests.swift */ = {isa = PBXFileReference; lastKnownFileType = sourcecode.swift; path = QuietMicUITests.swift; sourceTree = "<group>"; };
		15C87D56A0C2030CE2F2646D /* ContentView.swift */ = {isa = PBXFileReference; lastKnownFileType = sourcecode.swift; path = ContentView.swift; sourceTree = "<group>"; };
		21498BA862083FF10808D88F /* QuietMicUITestsLaunchTests.swift */ = {isa = PBXFileReference; lastKnownFileType = sourcecode.swift; path = QuietMicUITestsLaunchTests.swift; sourceTree = "<group>"; };
		31C6EA8B365C18640EC6D3CE /* QuietMicUITests.xctest */ = {isa = PBXFileReference; includeInIndex = 0; lastKnownFileType = wrapper.cfbundle; path = QuietMicUITests.xctest; sourceTree = BUILT_PRODUCTS_DIR; };
		3F261C3B5E8C48F52AABEE84 /* Debug.xcconfig */ = {isa = PBXFileReference; lastKnownFileType = text.xcconfig; path = Debug.xcconfig; sourceTree = "<group>"; };
		51E1D906B34E2AE10FD374DD /* Release.xcconfig */ = {isa = PBXFileReference; lastKnownFileType = text.xcconfig; path = Release.xcconfig; sourceTree = "<group>"; };
		59A9AC40C4CD3EC4BE140E1E /* QuietMic.app */ = {isa = PBXFileReference; includeInIndex = 0; lastKnownFileType = wrapper.application; path = QuietMic.app; sourceTree = BUILT_PRODUCTS_DIR; };
		5A70F449E3854622A7CA3A60 /* QuietMicTests.swift */ = {isa = PBXFileReference; lastKnownFileType = sourcecode.swift; path = QuietMicTests.swift; sourceTree = "<group>"; };
		97D015B53C7B4794E78A300A /* Item.swift */ = {isa = PBXFileReference; lastKnownFileType = sourcecode.swift; path = Item.swift; sourceTree = "<group>"; };
		D2166931C592C5C0D79DF6DC /* QuietMicTests.xctest */ = {isa = PBXFileReference; includeInIndex = 0; lastKnownFileType = wrapper.cfbundle; path = QuietMicTests.xctest; sourceTree = BUILT_PRODUCTS_DIR; };
/* End PBXFileReference section */

/* Begin PBXGroup section */
		22E8C454A18AB896299C2E2F = {
			isa = PBXGroup;
			children = (
				6207DB6F58F534B81082D52F /* App */,
				E04CFA08126A6B2D0EF8E789 /* Configs */,
				DFACC49EE57EC7B684497FC1 /* Features */,
				543B6F65DC9EBF8D23A089DC /* QuietMicTests */,
				B359AEE5C6165E82BC3DB049 /* QuietMicUITests */,
				365631D2466BC50689693E51 /* Products */,
			);
			sourceTree = "<group>";
		};
		365631D2466BC50689693E51 /* Products */ = {
			isa = PBXGroup;
			children = (
				59A9AC40C4CD3EC4BE140E1E /* QuietMic.app */,
				D2166931C592C5C0D79DF6DC /* QuietMicTests.xctest */,
				31C6EA8B365C18640EC6D3CE /* QuietMicUITests.xctest */,
			);
			name = Products;
			sourceTree = "<group>";
		};
		543B6F65DC9EBF8D23A089DC /* QuietMicTests */ = {
			isa = PBXGroup;
			children = (
				5A70F449E3854622A7CA3A60 /* QuietMicTests.swift */,
			);
			path = QuietMicTests;
			sourceTree = "<group>";
		};
		6207DB6F58F534B81082D52F /* App */ = {
			isa = PBXGroup;
			children = (
				15C87D56A0C2030CE2F2646D /* ContentView.swift */,
				97D015B53C7B4794E78A300A /* Item.swift */,
				04BBEC216D5D52477F0CA082 /* QuietMicApp.swift */,
			);
			name = App;
			path = ios/QuietMic/App;
			sourceTree = "<group>";
		};
		B359AEE5C6165E82BC3DB049 /* QuietMicUITests */ = {
			isa = PBXGroup;
			children = (
				13566FC750E92461A09EAFD5 /* QuietMicUITests.swift */,
				21498BA862083FF10808D88F /* QuietMicUITestsLaunchTests.swift */,
			);
			path = QuietMicUITests;
			sourceTree = "<group>";
		};
		DFACC49EE57EC7B684497FC1 /* Features */ = {
			isa = PBXGroup;
			children = (
			);
			name = Features;
			path = ios/QuietMic/Features;
			sourceTree = "<group>";
		};
		E04CFA08126A6B2D0EF8E789 /* Configs */ = {
			isa = PBXGroup;
			children = (
				3F261C3B5E8C48F52AABEE84 /* Debug.xcconfig */,
				51E1D906B34E2AE10FD374DD /* Release.xcconfig */,
			);
			path = Configs;
			sourceTree = "<group>";
		};
/* End PBXGroup section */

/* Begin PBXNativeTarget section */
		228CAF7FBFD2DEE8AC80DB3E /* QuietMic */ = {
			isa = PBXNativeTarget;
			buildConfigurationList = 42D0CD0B1135B1438D701927 /* Build configuration list for PBXNativeTarget "QuietMic" */;
			buildPhases = (
				1D44BB94EFEA538EB5B314E0 /* Sources */,
			);
			buildRules = (
			);
			dependencies = (
			);
			name = QuietMic;
			packageProductDependencies = (
			);
			productName = QuietMic;
			productReference = 59A9AC40C4CD3EC4BE140E1E /* QuietMic.app */;
			productType = "com.apple.product-type.application";
		};
		400530E7D5D34162A125744A /* QuietMicTests */ = {
			isa = PBXNativeTarget;
			buildConfigurationList = F3016CFE124CBDE02A5A0B83 /* Build configuration list for PBXNativeTarget "QuietMicTests" */;
			buildPhases = (
				EE9663BC3A882A19FF3D39BE /* Sources */,
			);
			buildRules = (
			);
			dependencies = (
				8D7B4957D97B6AA3E6C91D71 /* PBXTargetDependency */,
			);
			name = QuietMicTests;
			packageProductDependencies = (
			);
			productName = QuietMicTests;
			productReference = D2166931C592C5C0D79DF6DC /* QuietMicTests.xctest */;
			productType = "com.apple.product-type.bundle.unit-test";
		};
		9DEA35B32138EDEC27C99115 /* QuietMicUITests */ = {
			isa = PBXNativeTarget;
			buildConfigurationList = 2988302C9111AC801912C7B8 /* Build configuration list for PBXNativeTarget "QuietMicUITests" */;
			buildPhases = (
				F8277D25DA1A8114E9519093 /* Sources */,
			);
			buildRules = (
			);
			dependencies = (
				3D61CE51D9201957B1EE53DC /* PBXTargetDependency */,
			);
			name = QuietMicUITests;
			packageProductDependencies = (
			);
			productName = QuietMicUITests;
			productReference = 31C6EA8B365C18640EC6D3CE /* QuietMicUITests.xctest */;
			productType = "com.apple.product-type.bundle.ui-testing";
		};
/* End PBXNativeTarget section */

/* Begin PBXProject section */
		C4B8A003ACB89D6A79217ADA /* Project object */ = {
			isa = PBXProject;
			attributes = {
				BuildIndependentTargetsInParallel = YES;
				LastUpgradeCheck = 1430;
				TargetAttributes = {
					228CAF7FBFD2DEE8AC80DB3E = {
						DevelopmentTeam = Z3XZ94WPLT;
						ProvisioningStyle = Automatic;
					};
					400530E7D5D34162A125744A = {
						DevelopmentTeam = Z3XZ94WPLT;
						ProvisioningStyle = Automatic;
					};
					9DEA35B32138EDEC27C99115 = {
						DevelopmentTeam = Z3XZ94WPLT;
						ProvisioningStyle = Automatic;
						TestTargetID = 228CAF7FBFD2DEE8AC80DB3E;
					};
				};
			};
			buildConfigurationList = 6E06EFEE59C0F20D4971A087 /* Build configuration list for PBXProject "QuietMic" */;
			compatibilityVersion = "Xcode 14.0";
			developmentRegion = en;
			hasScannedForEncodings = 0;
			knownRegions = (
				Base,
				en,
			);
			mainGroup = 22E8C454A18AB896299C2E2F;
			minimizedProjectReferenceProxies = 1;
			preferredProjectObjectVersion = 54;
			projectDirPath = "";
			projectRoot = "";
			targets = (
				228CAF7FBFD2DEE8AC80DB3E /* QuietMic */,
				400530E7D5D34162A125744A /* QuietMicTests */,
				9DEA35B32138EDEC27C99115 /* QuietMicUITests */,
			);
		};
/* End PBXProject section */

/* Begin PBXSourcesBuildPhase section */
		1D44BB94EFEA538EB5B314E0 /* Sources */ = {
			isa = PBXSourcesBuildPhase;
			buildActionMask = 2147483647;
			files = (
				D0AE1BB240BFC34F155EEBC0 /* ContentView.swift in Sources */,
				86099627B5A1B428A0D77A9F /* Item.swift in Sources */,
				8BB1C682BC8970C0D1F05B8B /* QuietMicApp.swift in Sources */,
			);
			runOnlyForDeploymentPostprocessing = 0;
		};
		EE9663BC3A882A19FF3D39BE /* Sources */ = {
			isa = PBXSourcesBuildPhase;
			buildActionMask = 2147483647;
			files = (
				871998464C1F92BA26BFD3B8 /* QuietMicTests.swift in Sources */,
			);
			runOnlyForDeploymentPostprocessing = 0;
		};
		F8277D25DA1A8114E9519093 /* Sources */ = {
			isa = PBXSourcesBuildPhase;
			buildActionMask = 2147483647;
			files = (
				9896A25F4121577218A648D8 /* QuietMicUITests.swift in Sources */,
				2399401C9C7607CB781EFE6B /* QuietMicUITestsLaunchTests.swift in Sources */,
			);
			runOnlyForDeploymentPostprocessing = 0;
		};
/* End PBXSourcesBuildPhase section */

/* Begin PBXTargetDependency section */
		3D61CE51D9201957B1EE53DC /* PBXTargetDependency */ = {
			isa = PBXTargetDependency;
			target = 228CAF7FBFD2DEE8AC80DB3E /* QuietMic */;
			targetProxy = D7FDD961B273397411204A9E /* PBXContainerItemProxy */;
		};
		8D7B4957D97B6AA3E6C91D71 /* PBXTargetDependency */ = {
			isa = PBXTargetDependency;
			target = 228CAF7FBFD2DEE8AC80DB3E /* QuietMic */;
			targetProxy = F3718FCB1584CFD42B18F389 /* PBXContainerItemProxy */;
		};
/* End PBXTargetDependency section */

/* Begin XCBuildConfiguration section */
		244AD43839B25F6B90C6DFB1 /* Release */ = {
			isa = XCBuildConfiguration;
			baseConfigurationReference = 51E1D906B34E2AE10FD374DD /* Release.xcconfig */;
			buildSettings = {
				ALWAYS_SEARCH_USER_PATHS = NO;
				CLANG_ANALYZER_NONNULL = YES;
				CLANG_ANALYZER_NUMBER_OBJECT_CONVERSION = YES_AGGRESSIVE;
				CLANG_CXX_LANGUAGE_STANDARD = "gnu++14";
				CLANG_CXX_LIBRARY = "libc++";
				CLANG_ENABLE_MODULES = YES;
				CLANG_ENABLE_OBJC_ARC = YES;
				CLANG_ENABLE_OBJC_WEAK = YES;
				CLANG_WARN_BLOCK_CAPTURE_AUTORELEASING = YES;
				CLANG_WARN_BOOL_CONVERSION = YES;
				CLANG_WARN_COMMA = YES;
				CLANG_WARN_CONSTANT_CONVERSION = YES;
				CLANG_WARN_DEPRECATED_OBJC_IMPLEMENTATIONS = YES;
				CLANG_WARN_DIRECT_OBJC_ISA_USAGE = YES_ERROR;
				CLANG_WARN_DOCUMENTATION_COMMENTS = YES;
				CLANG_WARN_EMPTY_BODY = YES;
				CLANG_WARN_ENUM_CONVERSION = YES;
				CLANG_WARN_INFINITE_RECURSION = YES;
				CLANG_WARN_INT_CONVERSION = YES;
				CLANG_WARN_NON_LITERAL_NULL_CONVERSION = YES;
				CLANG_WARN_OBJC_IMPLICIT_RETAIN_SELF = YES;
				CLANG_WARN_OBJC_LITERAL_CONVERSION = YES;
				CLANG_WARN_OBJC_ROOT_CLASS = YES_ERROR;
				CLANG_WARN_QUOTED_INCLUDE_IN_FRAMEWORK_HEADER = YES;
				CLANG_WARN_RANGE_LOOP_ANALYSIS = YES;
				CLANG_WARN_STRICT_PROTOTYPES = YES;
				CLANG_WARN_SUSPICIOUS_MOVE = YES;
				CLANG_WARN_UNGUARDED_AVAILABILITY = YES_AGGRESSIVE;
				CLANG_WARN_UNREACHABLE_CODE = YES;
				CLANG_WARN__DUPLICATE_METHOD_MATCH = YES;
				CODE_SIGN_ENTITLEMENTS = ios/QuietMic/QuietMic.entitlements;
				COPY_PHASE_STRIP = NO;
				ENABLE_STRICT_OBJC_MSGSEND = YES;
				GCC_C_LANGUAGE_STANDARD = gnu11;
				GCC_NO_COMMON_BLOCKS = YES;
				GCC_WARN_64_TO_32_BIT_CONVERSION = YES;
				GCC_WARN_ABOUT_RETURN_TYPE = YES_ERROR;
				GCC_WARN_UNDECLARED_SELECTOR = YES;
				GCC_WARN_UNINITIALIZED_AUTOS = YES_AGGRESSIVE;
				GCC_WARN_UNUSED_FUNCTION = YES;
				GCC_WARN_UNUSED_VARIABLE = YES;
				INFOPLIST_FILE = ios/QuietMic/Info.plist;
				MTL_ENABLE_DEBUG_INFO = NO;
				MTL_FAST_MATH = YES;
				PRODUCT_NAME = "$(TARGET_NAME)";
				SDKROOT = iphoneos;
				SWIFT_OPTIMIZATION_LEVEL = "-O";
			};
			name = Release;
		};
		668650E79F01F14155684529 /* Release */ = {
			isa = XCBuildConfiguration;
			buildSettings = {
				CODE_SIGN_ENTITLEMENTS = ios/QuietMic/QuietMic.entitlements;
				CODE_SIGN_IDENTITY = "iPhone Developer";
				INFOPLIST_FILE = ios/QuietMic/Info.plist;
				LD_RUNPATH_SEARCH_PATHS = (
					"$(inherited)",
					"@executable_path/Frameworks",
				);
				PRODUCT_NAME = QuietMic;
				SDKROOT = iphoneos;
			};
			name = Release;
		};
		845E7282640D2B41F106C2C8 /* Debug */ = {
			isa = XCBuildConfiguration;
			buildSettings = {
				BUNDLE_LOADER = "$(TEST_HOST)";
				LD_RUNPATH_SEARCH_PATHS = (
					"$(inherited)",
					"@executable_path/Frameworks",
					"@loader_path/Frameworks",
				);
				PRODUCT_NAME = QuietMicTests;
				SDKROOT = iphoneos;
				STRING_CATALOG_GENERATE_SYMBOLS = NO;
				TEST_HOST = "$(BUILT_PRODUCTS_DIR)/QuietMic.app/$(BUNDLE_EXECUTABLE_FOLDER_PATH)/QuietMic";
			};
			name = Debug;
		};
		8DBB4F95A0F7D53B15C6066C /* Debug */ = {
			isa = XCBuildConfiguration;
			buildSettings = {
				BUNDLE_LOADER = "$(TEST_HOST)";
				LD_RUNPATH_SEARCH_PATHS = (
					"$(inherited)",
					"@executable_path/Frameworks",
					"@loader_path/Frameworks",
				);
				PRODUCT_NAME = QuietMicUITests;
				SDKROOT = iphoneos;
				STRING_CATALOG_GENERATE_SYMBOLS = NO;
				TEST_TARGET_NAME = QuietMic;
			};
			name = Debug;
		};
		955C50D8D9284589160E7C72 /* Debug */ = {
			isa = XCBuildConfiguration;
			baseConfigurationReference = 3F261C3B5E8C48F52AABEE84 /* Debug.xcconfig */;
			buildSettings = {
				ALWAYS_SEARCH_USER_PATHS = NO;
				CLANG_ANALYZER_NONNULL = YES;
				CLANG_ANALYZER_NUMBER_OBJECT_CONVERSION = YES_AGGRESSIVE;
				CLANG_CXX_LANGUAGE_STANDARD = "gnu++14";
				CLANG_CXX_LIBRARY = "libc++";
				CLANG_ENABLE_MODULES = YES;
				CLANG_ENABLE_OBJC_ARC = YES;
				CLANG_ENABLE_OBJC_WEAK = YES;
				CLANG_WARN_BLOCK_CAPTURE_AUTORELEASING = YES;
				CLANG_WARN_BOOL_CONVERSION = YES;
				CLANG_WARN_COMMA = YES;
				CLANG_WARN_CONSTANT_CONVERSION = YES;
				CLANG_WARN_DEPRECATED_OBJC_IMPLEMENTATIONS = YES;
				CLANG_WARN_DIRECT_OBJC_ISA_USAGE = YES_ERROR;
				CLANG_WARN_DOCUMENTATION_COMMENTS = YES;
				CLANG_WARN_EMPTY_BODY = YES;
				CLANG_WARN_ENUM_CONVERSION = YES;
				CLANG_WARN_INFINITE_RECURSION = YES;
				CLANG_WARN_INT_CONVERSION = YES;
				CLANG_WARN_NON_LITERAL_NULL_CONVERSION = YES;
				CLANG_WARN_OBJC_IMPLICIT_RETAIN_SELF = YES;
				CLANG_WARN_OBJC_LITERAL_CONVERSION = YES;
				CLANG_WARN_OBJC_ROOT_CLASS = YES_ERROR;
				CLANG_WARN_QUOTED_INCLUDE_IN_FRAMEWORK_HEADER = YES;
				CLANG_WARN_RANGE_LOOP_ANALYSIS = YES;
				CLANG_WARN_STRICT_PROTOTYPES = YES;
				CLANG_WARN_SUSPICIOUS_MOVE = YES;
				CLANG_WARN_UNGUARDED_AVAILABILITY = YES_AGGRESSIVE;
				CLANG_WARN_UNREACHABLE_CODE = YES;
				CLANG_WARN__DUPLICATE_METHOD_MATCH = YES;
				CODE_SIGN_ENTITLEMENTS = ios/QuietMic/QuietMic.entitlements;
				COPY_PHASE_STRIP = NO;
				ENABLE_STRICT_OBJC_MSGSEND = YES;
				GCC_C_LANGUAGE_STANDARD = gnu11;
				GCC_DYNAMIC_NO_PIC = NO;
				GCC_NO_COMMON_BLOCKS = YES;
				GCC_WARN_64_TO_32_BIT_CONVERSION = YES;
				GCC_WARN_ABOUT_RETURN_TYPE = YES_ERROR;
				GCC_WARN_UNDECLARED_SELECTOR = YES;
				GCC_WARN_UNINITIALIZED_AUTOS = YES_AGGRESSIVE;
				GCC_WARN_UNUSED_FUNCTION = YES;
				GCC_WARN_UNUSED_VARIABLE = YES;
				INFOPLIST_FILE = ios/QuietMic/Info.plist;
				MTL_ENABLE_DEBUG_INFO = INCLUDE_SOURCE;
				MTL_FAST_MATH = YES;
				PRODUCT_NAME = "$(TARGET_NAME)";
				SDKROOT = iphoneos;
			};
			name = Debug;
		};
		A2F329A304F3329D6AA6D170 /* Debug */ = {
			isa = XCBuildConfiguration;
			buildSettings = {
				CODE_SIGN_ENTITLEMENTS = ios/QuietMic/QuietMic.entitlements;
				CODE_SIGN_IDENTITY = "iPhone Developer";
				INFOPLIST_FILE = ios/QuietMic/Info.plist;
				LD_RUNPATH_SEARCH_PATHS = (
					"$(inherited)",
					"@executable_path/Frameworks",
				);
				PRODUCT_NAME = QuietMic;
				SDKROOT = iphoneos;
			};
			name = Debug;
		};
		B308D71FDE946F9F8622BDF5 /* Release */ = {
			isa = XCBuildConfiguration;
			buildSettings = {
				BUNDLE_LOADER = "$(TEST_HOST)";
				LD_RUNPATH_SEARCH_PATHS = (
					"$(inherited)",
					"@executable_path/Frameworks",
					"@loader_path/Frameworks",
				);
				PRODUCT_NAME = QuietMicUITests;
				SDKROOT = iphoneos;
				STRING_CATALOG_GENERATE_SYMBOLS = NO;
				TEST_TARGET_NAME = QuietMic;
			};
			name = Release;
		};
		F916C5205B071CEFEB37D951 /* Release */ = {
			isa = XCBuildConfiguration;
			buildSettings = {
				BUNDLE_LOADER = "$(TEST_HOST)";
				LD_RUNPATH_SEARCH_PATHS = (
					"$(inherited)",
					"@executable_path/Frameworks",
					"@loader_path/Frameworks",
				);
				PRODUCT_NAME = QuietMicTests;
				SDKROOT = iphoneos;
				STRING_CATALOG_GENERATE_SYMBOLS = NO;
				TEST_HOST = "$(BUILT_PRODUCTS_DIR)/QuietMic.app/$(BUNDLE_EXECUTABLE_FOLDER_PATH)/QuietMic";
			};
			name = Release;
		};
/* End XCBuildConfiguration section */

/* Begin XCConfigurationList section */
		2988302C9111AC801912C7B8 /* Build configuration list for PBXNativeTarget "QuietMicUITests" */ = {
			isa = XCConfigurationList;
			buildConfigurations = (
				8DBB4F95A0F7D53B15C6066C /* Debug */,
				B308D71FDE946F9F8622BDF5 /* Release */,
			);
			defaultConfigurationIsVisible = 0;
			defaultConfigurationName = Debug;
		};
		42D0CD0B1135B1438D701927 /* Build configuration list for PBXNativeTarget "QuietMic" */ = {
			isa = XCConfigurationList;
			buildConfigurations = (
				A2F329A304F3329D6AA6D170 /* Debug */,
				668650E79F01F14155684529 /* Release */,
			);
			defaultConfigurationIsVisible = 0;
			defaultConfigurationName = Debug;
		};
		6E06EFEE59C0F20D4971A087 /* Build configuration list for PBXProject "QuietMic" */ = {
			isa = XCConfigurationList;
			buildConfigurations = (
				955C50D8D9284589160E7C72 /* Debug */,
				244AD43839B25F6B90C6DFB1 /* Release */,
			);
			defaultConfigurationIsVisible = 0;
			defaultConfigurationName = Debug;
		};
		F3016CFE124CBDE02A5A0B83 /* Build configuration list for PBXNativeTarget "QuietMicTests" */ = {
			isa = XCConfigurationList;
			buildConfigurations = (
				845E7282640D2B41F106C2C8 /* Debug */,
				F916C5205B071CEFEB37D951 /* Release */,
			);
			defaultConfigurationIsVisible = 0;
			defaultConfigurationName = Debug;
		};
/* End XCConfigurationList section */
	};
	rootObject = C4B8A003ACB89D6A79217ADA /* Project object */;
}
